
Microsoft Visual Studio Solution File, Format Version 12.00
# Visual Studio Version 16
VisualStudioVersion = 16.0.28803.202
MinimumVisualStudioVersion = 10.0.40219.1
Project("{2150E333-8FDC-42A3-9474-1A3956D46DE8}") = "Misc", "Misc", "{A8C25F90-8847-4EBE-A66B-02E5D1B42EC0}"
	ProjectSection(SolutionItems) = preProject
		.editorconfig = .editorconfig
		.gitignore = .gitignore
		azure-pipelines.yml = azure-pipelines.yml
		CONTRIBUTING.md = CONTRIBUTING.md
		Directory.Build.props = Directory.Build.props
		LICENSE.txt = LICENSE.txt
		README.md = README.md
		version.json = version.json
	EndProjectSection
EndProject
Project("{2150E333-8FDC-42A3-9474-1A3956D46DE8}") = "src", "src", "{AE904AFF-1B2B-4D8F-9826-57BC13DC4AC5}"
EndProject
Project("{FAE04EC0-301F-11D3-BF4B-00C04F79EFBC}") = "BuildVision", "src\BuildVision\BuildVision.csproj", "{9925A635-1827-4BB4-9C31-FE0FC87A6265}"
EndProject
Project("{9A19103F-16F7-4668-BE54-9A1E7A4F7556}") = "BuildVision.Common", "src\BuildVision.Common\BuildVision.Common.csproj", "{848412D1-95BF-4E56-A9EF-2926AF5C6D67}"
EndProject
Project("{9A19103F-16F7-4668-BE54-9A1E7A4F7556}") = "BuildVision.Contracts", "src\BuildVision.Contracts\BuildVision.Contracts.csproj", "{13D64A57-5DB3-4CC7-AC2B-9034E767D754}"
EndProject
Project("{FAE04EC0-301F-11D3-BF4B-00C04F79EFBC}") = "BuildVision.UI", "src\BuildVision.UI\BuildVision.UI.csproj", "{84E8BA65-9A4B-4C50-A115-6EF3208E4058}"
EndProject
Project("{2150E333-8FDC-42A3-9474-1A3956D46DE8}") = "test", "test", "{1DE272AA-D641-45F2-AEB9-934B3BAA6FBD}"
EndProject
Project("{9A19103F-16F7-4668-BE54-9A1E7A4F7556}") = "BuildVision.IntegrationTests", "test\BuildVision.IntegrationTests\BuildVision.IntegrationTests.csproj", "{FBB4F3ED-B1B8-4401-8667-5180194BAA54}"
EndProject
Project("{9A19103F-16F7-4668-BE54-9A1E7A4F7556}") = "BuildVision.UnitTests", "test\BuildVision.UnitTests\BuildVision.UnitTests.csproj", "{2A7DE186-A1FA-4BA8-B393-3CA9ECBF444F}"
EndProject
Project("{9A19103F-16F7-4668-BE54-9A1E7A4F7556}") = "BuildVision.Exports", "src\BuildVision.Exports\BuildVision.Exports.csproj", "{F16E6593-DDF9-4E9E-A2F8-56A3C43A643E}"
EndProject
Global
	GlobalSection(SolutionConfigurationPlatforms) = preSolution
		Debug|Any CPU = Debug|Any CPU
		Marketplace|Any CPU = Marketplace|Any CPU
		Release|Any CPU = Release|Any CPU
		VsixGallery|Any CPU = VsixGallery|Any CPU
	EndGlobalSection
	GlobalSection(ProjectConfigurationPlatforms) = postSolution
		{9925A635-1827-4BB4-9C31-FE0FC87A6265}.Debug|Any CPU.ActiveCfg = Debug|Any CPU
		{9925A635-1827-4BB4-9C31-FE0FC87A6265}.Debug|Any CPU.Build.0 = Debug|Any CPU
		{9925A635-1827-4BB4-9C31-FE0FC87A6265}.Marketplace|Any CPU.ActiveCfg = Marketplace|Any CPU
		{9925A635-1827-4BB4-9C31-FE0FC87A6265}.Marketplace|Any CPU.Build.0 = Marketplace|Any CPU
		{9925A635-1827-4BB4-9C31-FE0FC87A6265}.Release|Any CPU.ActiveCfg = Release|Any CPU
		{9925A635-1827-4BB4-9C31-FE0FC87A6265}.Release|Any CPU.Build.0 = Release|Any CPU
		{9925A635-1827-4BB4-9C31-FE0FC87A6265}.VsixGallery|Any CPU.ActiveCfg = VsixGallery|Any CPU
		{9925A635-1827-4BB4-9C31-FE0FC87A6265}.VsixGallery|Any CPU.Build.0 = VsixGallery|Any CPU
		{848412D1-95BF-4E56-A9EF-2926AF5C6D67}.Debug|Any CPU.ActiveCfg = Debug|Any CPU
		{848412D1-95BF-4E56-A9EF-2926AF5C6D67}.Debug|Any CPU.Build.0 = Debug|Any CPU
		{848412D1-95BF-4E56-A9EF-2926AF5C6D67}.Marketplace|Any CPU.ActiveCfg = Release|Any CPU
		{848412D1-95BF-4E56-A9EF-2926AF5C6D67}.Marketplace|Any CPU.Build.0 = Release|Any CPU
		{848412D1-95BF-4E56-A9EF-2926AF5C6D67}.Release|Any CPU.ActiveCfg = Release|Any CPU
		{848412D1-95BF-4E56-A9EF-2926AF5C6D67}.Release|Any CPU.Build.0 = Release|Any CPU
		{848412D1-95BF-4E56-A9EF-2926AF5C6D67}.VsixGallery|Any CPU.ActiveCfg = Release|Any CPU
		{848412D1-95BF-4E56-A9EF-2926AF5C6D67}.VsixGallery|Any CPU.Build.0 = Release|Any CPU
		{13D64A57-5DB3-4CC7-AC2B-9034E767D754}.Debug|Any CPU.ActiveCfg = Debug|Any CPU
		{13D64A57-5DB3-4CC7-AC2B-9034E767D754}.Debug|Any CPU.Build.0 = Debug|Any CPU
		{13D64A57-5DB3-4CC7-AC2B-9034E767D754}.Marketplace|Any CPU.ActiveCfg = Release|Any CPU
		{13D64A57-5DB3-4CC7-AC2B-9034E767D754}.Marketplace|Any CPU.Build.0 = Release|Any CPU
		{13D64A57-5DB3-4CC7-AC2B-9034E767D754}.Release|Any CPU.ActiveCfg = Release|Any CPU
		{13D64A57-5DB3-4CC7-AC2B-9034E767D754}.Release|Any CPU.Build.0 = Release|Any CPU
		{13D64A57-5DB3-4CC7-AC2B-9034E767D754}.VsixGallery|Any CPU.ActiveCfg = Release|Any CPU
		{13D64A57-5DB3-4CC7-AC2B-9034E767D754}.VsixGallery|Any CPU.Build.0 = Release|Any CPU
		{84E8BA65-9A4B-4C50-A115-6EF3208E4058}.Debug|Any CPU.ActiveCfg = Debug|Any CPU
		{84E8BA65-9A4B-4C50-A115-6EF3208E4058}.Debug|Any CPU.Build.0 = Debug|Any CPU
		{84E8BA65-9A4B-4C50-A115-6EF3208E4058}.Marketplace|Any CPU.ActiveCfg = Marketplace|Any CPU
		{84E8BA65-9A4B-4C50-A115-6EF3208E4058}.Marketplace|Any CPU.Build.0 = Marketplace|Any CPU
		{84E8BA65-9A4B-4C50-A115-6EF3208E4058}.Release|Any CPU.ActiveCfg = Release|Any CPU
		{84E8BA65-9A4B-4C50-A115-6EF3208E4058}.Release|Any CPU.Build.0 = Release|Any CPU
		{84E8BA65-9A4B-4C50-A115-6EF3208E4058}.VsixGallery|Any CPU.ActiveCfg = VsixGallery|Any CPU
		{84E8BA65-9A4B-4C50-A115-6EF3208E4058}.VsixGallery|Any CPU.Build.0 = VsixGallery|Any CPU
		{FBB4F3ED-B1B8-4401-8667-5180194BAA54}.Debug|Any CPU.ActiveCfg = Debug|Any CPU
		{FBB4F3ED-B1B8-4401-8667-5180194BAA54}.Debug|Any CPU.Build.0 = Debug|Any CPU
		{FBB4F3ED-B1B8-4401-8667-5180194BAA54}.Marketplace|Any CPU.ActiveCfg = Marketplace|Any CPU
		{FBB4F3ED-B1B8-4401-8667-5180194BAA54}.Marketplace|Any CPU.Build.0 = Marketplace|Any CPU
		{FBB4F3ED-B1B8-4401-8667-5180194BAA54}.Release|Any CPU.ActiveCfg = Release|Any CPU
		{FBB4F3ED-B1B8-4401-8667-5180194BAA54}.Release|Any CPU.Build.0 = Release|Any CPU
		{FBB4F3ED-B1B8-4401-8667-5180194BAA54}.VsixGallery|Any CPU.ActiveCfg = VsixGallery|Any CPU
		{FBB4F3ED-B1B8-4401-8667-5180194BAA54}.VsixGallery|Any CPU.Build.0 = VsixGallery|Any CPU
		{2A7DE186-A1FA-4BA8-B393-3CA9ECBF444F}.Debug|Any CPU.ActiveCfg = Debug|Any CPU
		{2A7DE186-A1FA-4BA8-B393-3CA9ECBF444F}.Debug|Any CPU.Build.0 = Debug|Any CPU
		{2A7DE186-A1FA-4BA8-B393-3CA9ECBF444F}.Marketplace|Any CPU.ActiveCfg = Marketplace|Any CPU
		{2A7DE186-A1FA-4BA8-B393-3CA9ECBF444F}.Marketplace|Any CPU.Build.0 = Marketplace|Any CPU
		{2A7DE186-A1FA-4BA8-B393-3CA9ECBF444F}.Release|Any CPU.ActiveCfg = Release|Any CPU
		{2A7DE186-A1FA-4BA8-B393-3CA9ECBF444F}.Release|Any CPU.Build.0 = Release|Any CPU
		{2A7DE186-A1FA-4BA8-B393-3CA9ECBF444F}.VsixGallery|Any CPU.ActiveCfg = VsixGallery|Any CPU
		{2A7DE186-A1FA-4BA8-B393-3CA9ECBF444F}.VsixGallery|Any CPU.Build.0 = VsixGallery|Any CPU
		{F16E6593-DDF9-4E9E-A2F8-56A3C43A643E}.Debug|Any CPU.ActiveCfg = Debug|Any CPU
		{F16E6593-DDF9-4E9E-A2F8-56A3C43A643E}.Debug|Any CPU.Build.0 = Debug|Any CPU
		{F16E6593-DDF9-4E9E-A2F8-56A3C43A643E}.Marketplace|Any CPU.ActiveCfg = Release|Any CPU
		{F16E6593-DDF9-4E9E-A2F8-56A3C43A643E}.Marketplace|Any CPU.Build.0 = Release|Any CPU
		{F16E6593-DDF9-4E9E-A2F8-56A3C43A643E}.Release|Any CPU.ActiveCfg = Release|Any CPU
		{F16E6593-DDF9-4E9E-A2F8-56A3C43A643E}.Release|Any CPU.Build.0 = Release|Any CPU
		{F16E6593-DDF9-4E9E-A2F8-56A3C43A643E}.VsixGallery|Any CPU.ActiveCfg = Release|Any CPU
		{F16E6593-DDF9-4E9E-A2F8-56A3C43A643E}.VsixGallery|Any CPU.Build.0 = Release|Any CPU
	EndGlobalSection
	GlobalSection(SolutionProperties) = preSolution
		HideSolutionNode = FALSE
	EndGlobalSection
	GlobalSection(NestedProjects) = preSolution
		{9925A635-1827-4BB4-9C31-FE0FC87A6265} = {AE904AFF-1B2B-4D8F-9826-57BC13DC4AC5}
		{848412D1-95BF-4E56-A9EF-2926AF5C6D67} = {AE904AFF-1B2B-4D8F-9826-57BC13DC4AC5}
		{13D64A57-5DB3-4CC7-AC2B-9034E767D754} = {AE904AFF-1B2B-4D8F-9826-57BC13DC4AC5}
		{84E8BA65-9A4B-4C50-A115-6EF3208E4058} = {AE904AFF-1B2B-4D8F-9826-57BC13DC4AC5}
		{FBB4F3ED-B1B8-4401-8667-5180194BAA54} = {1DE272AA-D641-45F2-AEB9-934B3BAA6FBD}
		{2A7DE186-A1FA-4BA8-B393-3CA9ECBF444F} = {1DE272AA-D641-45F2-AEB9-934B3BAA6FBD}
		{F16E6593-DDF9-4E9E-A2F8-56A3C43A643E} = {AE904AFF-1B2B-4D8F-9826-57BC13DC4AC5}
	EndGlobalSection
	GlobalSection(ExtensibilityGlobals) = postSolution
		SolutionGuid = {1485240E-4A28-4FA4-8D69-3D8151C3E1F6}
	EndGlobalSection
EndGlobal
